<?xml version="1.0" encoding="utf-8"?>
<Project ToolsVersion="4.0" xmlns="http://schemas.microsoft.com/developer/msbuild/2003">
  <ItemGroup>
    <Filter Include="リソース ファイル">
      <UniqueIdentifier>{67DA6AB6-F800-4c08-8B7A-83BB121AAD01}</UniqueIdentifier>
      <Extensions>rc;ico;cur;bmp;dlg;rc2;rct;bin;rgs;gif;jpg;jpeg;jpe;resx;tiff;tif;png;wav;mfcribbon-ms</Extensions>
    </Filter>
    <Filter Include="Script">
      <UniqueIdentifier>{200f3b6b-539a-42b3-a292-e3d45c59323e}</UniqueIdentifier>
    </Filter>
  </ItemGroup>
  <ItemGroup>
    <ClCompile Include="Actor\Actor.cpp" />
    <ClCompile Include="Actor\ActorController.cpp" />
    <ClCompile Include="Camera\Camera.cpp" />
    <ClCompile Include="General\Application.cpp" />
    <ClCompile Include="General\Input.cpp" />
    <ClCompile Include="Geometry\Quaternion.cpp" />
    <ClCompile Include="Geometry\Vector2.cpp" />
    <ClCompile Include="Geometry\Vector3.cpp" />
    <ClCompile Include="Main\main.cpp" />
    <ClCompile Include="Model\Model.cpp" />
    <ClCompile Include="Scene\Scene.cpp" />
    <ClCompile Include="Scene\SceneController.cpp" />
    <ClCompile Include="Scene\SceneTest.cpp" />
    <ClCompile Include="Shape\Sphere.cpp" />
    <ClCompile Include="Text\FontLoader.cpp" />
    <ClCompile Include="UI\Button.cpp" />
    <ClCompile Include="UI\ButtonSystem.cpp" />
    <ClCompile Include="UI\Image.cpp" />
    <ClCompile Include="UI\ImageStore.cpp" />
    <ClCompile Include="Effect\EffectManager.cpp" />
    <ClCompile Include="Effect\EffekseerEffect.cpp" />
    <ClCompile Include="Geometry\Geometry.cpp" />
    <ClCompile Include="Model\AnimationModel.cpp" />
    <ClCompile Include="Physics\Collidable.cpp" />
    <ClCompile Include="Physics\Physics.cpp" />
    <ClCompile Include="Physics\Rigid.cpp" />
    <ClCompile Include="Physics\Collider\Collider3D.cpp" />
    <ClCompile Include="Physics\Collider\CollisionChecker.cpp" />
    <ClCompile Include="Physics\Collider\PolygonCollider.cpp" />
    <ClCompile Include="Physics\Collider\SphereCollider.cpp" />
    <ClCompile Include="Sound\Music.cpp" />
    <ClCompile Include="Sound\Sound.cpp" />
    <ClCompile Include="Sound\SoundManager.cpp" />
    <ClCompile Include="Actor\Player\Player.cpp" />
    <ClCompile Include="Actor\Player\PlayerState.cpp" />
    <ClCompile Include="Scene\SceneDebug.cpp" />
    <ClCompile Include="Scene\SceneTitle.cpp" />
    <ClCompile Include="Scene\SceneGame.cpp" />
    <ClCompile Include="Scene\SceneMenu.cpp" />
    <ClCompile Include="Scene\SceneResult.cpp" />
    <ClCompile Include="Actor\Player\NormalState\PlayerMove.cpp" />
    <ClCompile Include="Actor\Player\NormalState\PlayerIdle.cpp" />
    <ClCompile Include="Physics\Collider\CapsuleCollider.cpp" />
    <ClCompile Include="Actor\Enemy\EnemyBug\EnemyBug.cpp" />
    <ClCompile Include="Actor\Player\LockOnState\PlayerLockOnIdle.cpp" />
    <ClCompile Include="Actor\Player\LockOnState\PlayerLockOnMoveRight.cpp" />
    <ClCompile Include="Actor\Player\LockOnState\PlayerLockOnMoveLeft.cpp" />
    <ClCompile Include="Actor\Player\LockOnState\PlayerLockOnMoveFoward.cpp" />
    <ClCompile Include="Actor\Player\LockOnState\PlayerLockOnMoveBack.cpp" />
    <ClCompile Include="Actor\Player\LockOnState\PlayerLockOn.cpp" />
    <ClCompile Include="Actor\Player\NormalState\PlayerNormal.cpp" />
    <ClCompile Include="Actor\Player\PlayerSword.cpp" />
    <ClCompile Include="Shader\ShaderDraw.cpp" />
    <ClCompile Include="Actor\Player\AttackState\PlayerSlashDown.cpp" />
    <ClCompile Include="Actor\Player\AttackState\PlayerSlashUp.cpp" />
    <ClCompile Include="Actor\Player\AttackState\PlayerSlashSide.cpp" />
    <ClCompile Include="Actor\Player\AttackState\PlayerSlashLeftSide.cpp" />
    <ClCompile Include="Actor\Player\AttackState\PlayerAttackState.cpp" />
    <ClCompile Include="Actor\Player\PlayerMiddleDamage.cpp" />
    <ClCompile Include="Actor\Player\AttackState\PlayerShockWaveSlash.cpp" />
    <ClCompile Include="Actor\Player\AttackState\PlayerChargeAttack.cpp" />
    <ClCompile Include="Actor\Player\PlayerShockWave.cpp" />
    <ClCompile Include="Actor\Player\PlayerDeath.cpp" />
    <ClCompile Include="Actor\Enemy\EnemyGenerator.cpp" />
    <ClCompile Include="Physics\NoCollidable.cpp" />
    <ClCompile Include="Actor\Enemy\Enemy.cpp" />
    <ClCompile Include="Actor\Enemy\EnemyBug\EnemyBugIdle.cpp" />
    <ClCompile Include="Actor\Enemy\EnemyBug\EnemyBugWalkFoward.cpp" />
    <ClCompile Include="Actor\Enemy\EnemyBug\EnemyBugState.cpp" />
    <ClCompile Include="Actor\Enemy\EnemyBug\EnemyBugDamage.cpp" />
    <ClCompile Include="Shader\ShadowMap.cpp" />
    <ClCompile Include="Actor\Enemy\EnemyBug\EnemyBugAttack.cpp" />
    <ClCompile Include="Actor\Enemy\EnemyBug\EnemyBugAttackCol.cpp" />
    <ClCompile Include="Utility\MyRandom.cpp" />
    <ClCompile Include="Actor\Enemy\EnemyBug\EnemyBugDeath.cpp" />
    <ClCompile Include="Actor\Enemy\EnemyPlant\EnemyPlant.cpp" />
    <ClCompile Include="Actor\Enemy\EnemyPlant\EnemyPlantState.cpp" />
    <ClCompile Include="Actor\Enemy\EnemyPlant\EnemyPlantIdle.cpp" />
    <ClCompile Include="Actor\Enemy\EnemyPlant\EnemyPlantAttack.cpp" />
    <ClCompile Include="Actor\Enemy\EnemyPlant\EnemyPlantDamage.cpp" />
    <ClCompile Include="Actor\Enemy\EnemyPlant\EnemyPlantDeath.cpp" />
    <ClCompile Include="Actor\Enemy\EnemyPlant\EnemyPlantBullet.cpp" />
    <ClCompile Include="Actor\Player\PlayerIntermediateState.cpp" />
    <ClCompile Include="Actor\Enemy\EnemyElite\EnemyElite.cpp" />
    <ClCompile Include="UI\PlayerHPBar.cpp" />
    <ClCompile Include="UI\UIBase.cpp" />
    <ClCompile Include="UI\UIController.cpp" />
    <ClCompile Include="UI\PlayerLockOnUI.cpp" />
    <ClCompile Include="Actor\Enemy\EnemyModelList.cpp" />
    <ClCompile Include="Actor\Enemy\EnemyElite\EnemyEliteState.cpp" />
    <ClCompile Include="Actor\Enemy\EnemyElite\EnemyEliteIdle.cpp" />
    <ClCompile Include="Actor\Enemy\EnemyElite\EnemyEliteDeath.cpp" />
    <ClCompile Include="Actor\Enemy\EnemyElite\EnemyEliteBite.cpp" />
    <ClCompile Include="Actor\Enemy\EnemyElite\EnemyEliteBiteCol.cpp" />
    <ClCompile Include="Actor\Enemy\EnemyElite\EnemyEliteDamage.cpp" />
    <ClCompile Include="Actor\Enemy\EnemyElite\EnemyEliteArmSwing.cpp" />
    <ClCompile Include="Actor\Enemy\EnemyElite\EnemyEliteArmCol.cpp" />
    <ClCompile Include="Actor\Enemy\EnemyElite\EnemyEliteApproach.cpp" />
    <ClCompile Include="Actor\Player\AttackState\PlayerSpecialAttack.cpp" />
    <ClCompile Include="Actor\Player\PlayerSpecialAttackCol.cpp" />
  </ItemGroup>
  <ItemGroup>
    <ClInclude Include="Actor\Actor.h" />
    <ClInclude Include="Actor\ActorController.h" />
    <ClInclude Include="Camera\Camera.h" />
    <ClInclude Include="General\Application.h" />
    <ClInclude Include="General\Color.h" />
    <ClInclude Include="General\Game.h" />
    <ClInclude Include="General\Input.h" />
    <ClInclude Include="Geometry\Geometry.h" />
    <ClInclude Include="Geometry\Quaternion.h" />
    <ClInclude Include="Geometry\Vector2.h" />
    <ClInclude Include="Geometry\Vector3.h" />
    <ClInclude Include="Model\Model.h" />
    <ClInclude Include="Scene\Scene.h" />
    <ClInclude Include="Scene\SceneController.h" />
    <ClInclude Include="Scene\SceneTest.h" />
    <ClInclude Include="Shape\Sphere.h" />
    <ClInclude Include="Text\FontLoader.h" />
    <ClInclude Include="UI\Button.h" />
    <ClInclude Include="UI\ButtonNoFocus.h" />
    <ClInclude Include="UI\ButtonSystem.h" />
    <ClInclude Include="UI\Image.h" />
    <ClInclude Include="UI\ImageStore.h" />
    <ClInclude Include="Utility\RangeLimitedValue.h" />
    <ClInclude Include="Utility\Utility.h" />
    <ClInclude Include="Effect\EffectManager.h" />
    <ClInclude Include="Effect\EffekseerEffect.h" />
    <ClInclude Include="Model\AnimationModel.h" />
    <ClInclude Include="Physics\Collidable.h" />
    <ClInclude Include="Physics\Physics.h" />
    <ClInclude Include="Physics\Rigid.h" />
    <ClInclude Include="Physics\Collider\Collider3D.h" />
    <ClInclude Include="Physics\Collider\CollisionChecker.h" />
    <ClInclude Include="Physics\Collider\PolygonCollider.h" />
    <ClInclude Include="Physics\Collider\SphereCollider.h" />
    <ClInclude Include="Actor\ActorKind.h" />
    <ClInclude Include="Sound\Music.h" />
    <ClInclude Include="Sound\Sound.h" />
    <ClInclude Include="Sound\SoundManager.h" />
    <ClInclude Include="Actor\Player\Player.h" />
    <ClInclude Include="Actor\Player\PlayerState.h" />
    <ClInclude Include="Scene\SceneDebug.h" />
    <ClInclude Include="Scene\SceneTitle.h" />
    <ClInclude Include="Scene\SceneGame.h" />
    <ClInclude Include="Scene\SceneMenu.h" />
    <ClInclude Include="Scene\SceneResult.h" />
    <ClInclude Include="Actor\Player\NormalState\PlayerMove.h" />
    <ClInclude Include="Actor\Player\NormalState\PlayerIdle.h" />
    <ClInclude Include="Physics\Collider\CapsuleCollider.h" />
    <ClInclude Include="Actor\Enemy\EnemyBug\EnemyBug.h" />
    <ClInclude Include="Actor\LockOnState.h" />
    <ClInclude Include="Actor\Player\LockOnState\PlayerLockOnIdle.h" />
    <ClInclude Include="Actor\Player\LockOnState\PlayerLockOnMoveRight.h" />
    <ClInclude Include="Actor\Player\LockOnState\PlayerLockOnMoveLeft.h" />
    <ClInclude Include="Actor\Player\LockOnState\PlayerLockOnMoveFoward.h" />
    <ClInclude Include="Actor\Player\LockOnState\PlayerLockOnMoveBack.h" />
    <ClInclude Include="Actor\Player\LockOnState\PlayerLockOn.h" />
    <ClInclude Include="Actor\Player\NormalState\PlayerNormal.h" />
    <ClInclude Include="Actor\Player\PlayerSword.h" />
    <ClInclude Include="Shader\ConstantBufferIndex.h" />
    <ClInclude Include="Shader\ShaderDraw.h" />
    <ClInclude Include="Actor\Player\AttackState\PlayerSlashDown.h" />
    <ClInclude Include="Actor\Player\AttackState\PlayerSlashUp.h" />
    <ClInclude Include="Actor\Player\AttackState\PlayerSlashSide.h" />
    <ClInclude Include="Actor\Player\AttackState\PlayerSlashLeftSide.h" />
    <ClInclude Include="Actor\Player\AttackState\PlayerAttackState.h" />
    <ClInclude Include="Actor\Player\PlayerMiddleDamage.h" />
    <ClInclude Include="Actor\Player\AttackState\PlayerShockWaveSlash.h" />
    <ClInclude Include="Actor\Player\AttackState\PlayerChargeAttack.h" />
    <ClInclude Include="Actor\Player\PlayerShockWave.h" />
    <ClInclude Include="Actor\AttackCol.h" />
    <ClInclude Include="Actor\Player\PlayerDeath.h" />
    <ClInclude Include="Actor\Enemy\EnemyGenerator.h" />
    <ClInclude Include="Actor\Enemy\EnemyKind.h" />
    <ClInclude Include="Physics\NoCollidable.h" />
    <ClInclude Include="Actor\Enemy\Enemy.h" />
    <ClInclude Include="Actor\Enemy\EnemyBug\EnemyBugState.h" />
    <ClInclude Include="Actor\Enemy\EnemyBug\EnemyBugIdle.h" />
    <ClInclude Include="Actor\Enemy\EnemyBug\EnemyBugWalkFoward.h" />
    <ClInclude Include="Actor\Enemy\EnemyBug\EnemyBugDamage.h" />
    <ClInclude Include="Shader\ShadowMap.h" />
    <ClInclude Include="Actor\Enemy\EnemyBug\EnemyBugAttack.h" />
    <ClInclude Include="Actor\Enemy\EnemyBug\EnemyBugAttackCol.h" />
    <ClInclude Include="Utility\MyRandom.h" />
    <ClInclude Include="Actor\Enemy\EnemyBug\EnemyBugDeath.h" />
    <ClInclude Include="Actor\HitPoint.h" />
    <ClInclude Include="Actor\Enemy\EnemyPlant\EnemyPlant.h" />
    <ClInclude Include="Actor\Enemy\EnemyPlant\EnemyPlantState.h" />
    <ClInclude Include="Actor\Enemy\EnemyPlant\EnemyPlantIdle.h" />
    <ClInclude Include="Actor\Enemy\EnemyPlant\EnemyPlantAttack.h" />
    <ClInclude Include="Actor\Enemy\EnemyPlant\EnemyPlantDamage.h" />
    <ClInclude Include="Actor\Enemy\EnemyPlant\EnemyPlantDeath.h" />
    <ClInclude Include="Actor\Enemy\EnemyPlant\EnemyPlantBullet.h" />
    <ClInclude Include="Actor\Player\PlayerIntermediateState.h" />
    <ClInclude Include="Actor\Enemy\EnemyElite\EnemyElite.h" />
    <ClInclude Include="UI\PlayerHPBar.h" />
    <ClInclude Include="UI\UIBase.h" />
    <ClInclude Include="UI\UIController.h" />
    <ClInclude Include="UI\PlayerLockOnUI.h" />
    <ClInclude Include="Shader\MV1Shader\DataType.h" />
    <ClInclude Include="Shader\MV1Shader\DxShader_Common_D3D11.h" />
    <ClInclude Include="Shader\MV1Shader\DxShader_DataType_D3D11.h" />
    <ClInclude Include="Shader\MV1Shader\DxShader_PS_D3D11.h" />
    <ClInclude Include="Shader\MV1Shader\DxShader_VS_D3D11.h" />
    <ClInclude Include="Shader\MV1Shader\PixelShader.h" />
    <ClInclude Include="Shader\MV1Shader\VertexShader.h" />
    <ClInclude Include="Actor\Enemy\EnemyModelList.h" />
    <ClInclude Include="Actor\Enemy\EnemyElite\EnemyEliteState.h" />
    <ClInclude Include="Actor\Enemy\EnemyElite\EnemyEliteIdle.h" />
    <ClInclude Include="Actor\Enemy\EnemyElite\EnemyEliteDeath.h" />
    <ClInclude Include="Actor\Enemy\EnemyElite\EnemyEliteBite.h" />
    <ClInclude Include="Actor\Enemy\EnemyElite\EnemyEliteBiteCol.h" />
    <ClInclude Include="Actor\Enemy\EnemyElite\EnemyEliteDamage.h" />
    <ClInclude Include="Actor\Enemy\EnemyElite\EnemyEliteArmSwing.h" />
    <ClInclude Include="Actor\Enemy\EnemyElite\EnemyEliteArmCol.h" />
    <ClInclude Include="Actor\Enemy\EnemyElite\EnemyEliteApproach.h" />
    <ClInclude Include="Actor\Player\AttackState\PlayerSpecialAttack.h" />
    <ClInclude Include="Actor\Player\PlayerSpecialAttackCol.h" />
  </ItemGroup>
  <ItemGroup>
    <FxCompile Include="Shader\SwordDissolve.hlsl" />
    <FxCompile Include="Shader\MV1Shader\MV1PixelShader.hlsl" />
    <FxCompile Include="Shader\MV1Shader\MV1VertexShader.hlsl" />
  </ItemGroup>
</Project>